
Microsoft Visual Studio Solution File, Format Version 12.00
# Visual Studio Version 17
VisualStudioVersion = 17.8.34330.188
MinimumVisualStudioVersion = 10.0.40219.1
Project("{FAE04EC0-301F-11D3-BF4B-00C04F79EFBC}") = "notes", "notes\notes.csproj", "{E6BCD89B-8BD4-4822-BFB3-168B1AA7FF12}"
EndProject
Global
	GlobalSection(SolutionConfigurationPlatforms) = preSolution
		Debug|Any CPU = Debug|Any CPU
		Release|Any CPU = Release|Any CPU
	EndGlobalSection
	GlobalSection(ProjectConfigurationPlatforms) = postSolution
		{E6BCD89B-8BD4-4822-BFB3-168B1AA7FF12}.Debug|Any CPU.ActiveCfg = Debug|Any CPU
		{E6BCD89B-8BD4-4822-BFB3-168B1AA7FF12}.Debug|Any CPU.Build.0 = Debug|Any CPU
		{E6BCD89B-8BD4-4822-BFB3-168B1AA7FF12}.Debug|Any CPU.Deploy.0 = Debug|Any CPU
		{E6BCD89B-8BD4-4822-BFB3-168B1AA7FF12}.Release|Any CPU.ActiveCfg = Release|Any CPU
		{E6BCD89B-8BD4-4822-BFB3-168B1AA7FF12}.Release|Any CPU.Build.0 = Release|Any CPU
		{E6BCD89B-8BD4-4822-BFB3-168B1AA7FF12}.Release|Any CPU.Deploy.0 = Release|Any CPU
	EndGlobalSection
	GlobalSection(SolutionProperties) = preSolution
		HideSolutionNode = FALSE
	EndGlobalSection
	GlobalSection(ExtensibilityGlobals) = postSolution
		SolutionGuid = {BFB3FE72-3D3E-4943-82B6-B57EB4585781}
	EndGlobalSection
EndGlobal
